// !$*UTF8*$!
{
	archiveVersion = 1;
	classes = {
	};
	objectVersion = 46;
	objects = {

/* Begin PBXBuildFile section */
		169ED0AA1822FB3E00241082 /* Foundation.framework in Frameworks */ = {isa = PBXBuildFile; fileRef = 169ED0A91822FB3E00241082 /* Foundation.framework */; };
		169ED0AC1822FB3E00241082 /* CoreGraphics.framework in Frameworks */ = {isa = PBXBuildFile; fileRef = 169ED0AB1822FB3E00241082 /* CoreGraphics.framework */; };
		169ED0AE1822FB3E00241082 /* UIKit.framework in Frameworks */ = {isa = PBXBuildFile; fileRef = 169ED0AD1822FB3E00241082 /* UIKit.framework */; };
		169ED0B01822FB3E00241082 /* SpriteKit.framework in Frameworks */ = {isa = PBXBuildFile; fileRef = 169ED0AF1822FB3E00241082 /* SpriteKit.framework */; };
		169ED0B61822FB3E00241082 /* InfoPlist.strings in Resources */ = {isa = PBXBuildFile; fileRef = 169ED0B41822FB3E00241082 /* InfoPlist.strings */; };
		169ED0B81822FB3E00241082 /* main.m in Sources */ = {isa = PBXBuildFile; fileRef = 169ED0B71822FB3E00241082 /* main.m */; };
		169ED0BC1822FB3E00241082 /* AppDelegate.m in Sources */ = {isa = PBXBuildFile; fileRef = 169ED0BB1822FB3E00241082 /* AppDelegate.m */; };
		169ED0BF1822FB3E00241082 /* Main_iPhone.storyboard in Resources */ = {isa = PBXBuildFile; fileRef = 169ED0BD1822FB3E00241082 /* Main_iPhone.storyboard */; };
		169ED0C21822FB3E00241082 /* Main_iPad.storyboard in Resources */ = {isa = PBXBuildFile; fileRef = 169ED0C01822FB3E00241082 /* Main_iPad.storyboard */; };
		169ED0C51822FB3E00241082 /* ViewController.m in Sources */ = {isa = PBXBuildFile; fileRef = 169ED0C41822FB3E00241082 /* ViewController.m */; };
		169ED0C81822FB3E00241082 /* MyScene.m in Sources */ = {isa = PBXBuildFile; fileRef = 169ED0C71822FB3E00241082 /* MyScene.m */; };
		169ED0CA1822FB3E00241082 /* Spaceship.png in Resources */ = {isa = PBXBuildFile; fileRef = 169ED0C91822FB3E00241082 /* Spaceship.png */; };
		169ED0CC1822FB3E00241082 /* Images.xcassets in Resources */ = {isa = PBXBuildFile; fileRef = 169ED0CB1822FB3E00241082 /* Images.xcassets */; };
		169ED0D31822FB3F00241082 /* XCTest.framework in Frameworks */ = {isa = PBXBuildFile; fileRef = 169ED0D21822FB3F00241082 /* XCTest.framework */; };
		169ED0D41822FB3F00241082 /* Foundation.framework in Frameworks */ = {isa = PBXBuildFile; fileRef = 169ED0A91822FB3E00241082 /* Foundation.framework */; };
		169ED0D51822FB3F00241082 /* UIKit.framework in Frameworks */ = {isa = PBXBuildFile; fileRef = 169ED0AD1822FB3E00241082 /* UIKit.framework */; };
		169ED0DD1822FB3F00241082 /* InfoPlist.strings in Resources */ = {isa = PBXBuildFile; fileRef = 169ED0DB1822FB3F00241082 /* InfoPlist.strings */; };
		169ED0DF1822FB3F00241082 /* PhysicsCannonForTeacherStuartSchopfTests.m in Sources */ = {isa = PBXBuildFile; fileRef = 169ED0DE1822FB3F00241082 /* PhysicsCannonForTeacherStuartSchopfTests.m */; };
/* End PBXBuildFile section */

/* Begin PBXContainerItemProxy section */
		169ED0D61822FB3F00241082 /* PBXContainerItemProxy */ = {
			isa = PBXContainerItemProxy;
			containerPortal = 169ED09E1822FB3E00241082 /* Project object */;
			proxyType = 1;
			remoteGlobalIDString = 169ED0A51822FB3E00241082;
			remoteInfo = PhysicsCannonForTeacherStuartSchopf;
		};
/* End PBXContainerItemProxy section */

/* Begin PBXFileReference section */
		169ED0A61822FB3E00241082 /* PhysicsCannonForTeacherStuartSchopf.app */ = {isa = PBXFileReference; explicitFileType = wrapper.application; includeInIndex = 0; path = PhysicsCannonForTeacherStuartSchopf.app; sourceTree = BUILT_PRODUCTS_DIR; };
		169ED0A91822FB3E00241082 /* Foundation.framework */ = {isa = PBXFileReference; lastKnownFileType = wrapper.framework; name = Foundation.framework; path = System/Library/Frameworks/Foundation.framework; sourceTree = SDKROOT; };
		169ED0AB1822FB3E00241082 /* CoreGraphics.framework */ = {isa = PBXFileReference; lastKnownFileType = wrapper.framework; name = CoreGraphics.framework; path = System/Library/Frameworks/CoreGraphics.framework; sourceTree = SDKROOT; };
		169ED0AD1822FB3E00241082 /* UIKit.framework */ = {isa = PBXFileReference; lastKnownFileType = wrapper.framework; name = UIKit.framework; path = System/Library/Frameworks/UIKit.framework; sourceTree = SDKROOT; };
		169ED0AF1822FB3E00241082 /* SpriteKit.framework */ = {isa = PBXFileReference; lastKnownFileType = wrapper.framework; name = SpriteKit.framework; path = System/Library/Frameworks/SpriteKit.framework; sourceTree = SDKROOT; };
		169ED0B31822FB3E00241082 /* PhysicsCannonForTeacherStuartSchopf-Info.plist */ = {isa = PBXFileReference; lastKnownFileType = text.plist.xml; path = "PhysicsCannonForTeacherStuartSchopf-Info.plist"; sourceTree = "<group>"; };
		169ED0B51822FB3E00241082 /* en */ = {isa = PBXFileReference; lastKnownFileType = text.plist.strings; name = en; path = en.lproj/InfoPlist.strings; sourceTree = "<group>"; };
		169ED0B71822FB3E00241082 /* main.m */ = {isa = PBXFileReference; lastKnownFileType = sourcecode.c.objc; path = main.m; sourceTree = "<group>"; };
		169ED0B91822FB3E00241082 /* PhysicsCannonForTeacherStuartSchopf-Prefix.pch */ = {isa = PBXFileReference; lastKnownFileType = sourcecode.c.h; path = "PhysicsCannonForTeacherStuartSchopf-Prefix.pch"; sourceTree = "<group>"; };
		169ED0BA1822FB3E00241082 /* AppDelegate.h */ = {isa = PBXFileReference; lastKnownFileType = sourcecode.c.h; path = AppDelegate.h; sourceTree = "<group>"; };
		169ED0BB1822FB3E00241082 /* AppDelegate.m */ = {isa = PBXFileReference; lastKnownFileType = sourcecode.c.objc; path = AppDelegate.m; sourceTree = "<group>"; };
		169ED0BE1822FB3E00241082 /* Base */ = {isa = PBXFileReference; lastKnownFileType = file.storyboard; name = Base; path = Base.lproj/Main_iPhone.storyboard; sourceTree = "<group>"; };
		169ED0C11822FB3E00241082 /* Base */ = {isa = PBXFileReference; lastKnownFileType = file.storyboard; name = Base; path = Base.lproj/Main_iPad.storyboard; sourceTree = "<group>"; };
		169ED0C31822FB3E00241082 /* ViewController.h */ = {isa = PBXFileReference; lastKnownFileType = sourcecode.c.h; path = ViewController.h; sourceTree = "<group>"; };
		169ED0C41822FB3E00241082 /* ViewController.m */ = {isa = PBXFileReference; lastKnownFileType = sourcecode.c.objc; path = ViewController.m; sourceTree = "<group>"; };
		169ED0C61822FB3E00241082 /* MyScene.h */ = {isa = PBXFileReference; lastKnownFileType = sourcecode.c.h; path = MyScene.h; sourceTree = "<group>"; };
		169ED0C71822FB3E00241082 /* MyScene.m */ = {isa = PBXFileReference; lastKnownFileType = sourcecode.c.objc; path = MyScene.m; sourceTree = "<group>"; };
		169ED0C91822FB3E00241082 /* Spaceship.png */ = {isa = PBXFileReference; lastKnownFileType = image.png; path = Spaceship.png; sourceTree = "<group>"; };
		169ED0CB1822FB3E00241082 /* Images.xcassets */ = {isa = PBXFileReference; lastKnownFileType = folder.assetcatalog; path = Images.xcassets; sourceTree = "<group>"; };
		169ED0D11822FB3F00241082 /* PhysicsCannonForTeacherStuartSchopfTests.xctest */ = {isa = PBXFileReference; explicitFileType = wrapper.cfbundle; includeInIndex = 0; path = PhysicsCannonForTeacherStuartSchopfTests.xctest; sourceTree = BUILT_PRODUCTS_DIR; };
		169ED0D21822FB3F00241082 /* XCTest.framework */ = {isa = PBXFileReference; lastKnownFileType = wrapper.framework; name = XCTest.framework; path = Library/Frameworks/XCTest.framework; sourceTree = DEVELOPER_DIR; };
		169ED0DA1822FB3F00241082 /* PhysicsCannonForTeacherStuartSchopfTests-Info.plist */ = {isa = PBXFileReference; lastKnownFileType = text.plist.xml; path = "PhysicsCannonForTeacherStuartSchopfTests-Info.plist"; sourceTree = "<group>"; };
		169ED0DC1822FB3F00241082 /* en */ = {isa = PBXFileReference; lastKnownFileType = text.plist.strings; name = en; path = en.lproj/InfoPlist.strings; sourceTree = "<group>"; };
		169ED0DE1822FB3F00241082 /* PhysicsCannonForTeacherStuartSchopfTests.m */ = {isa = PBXFileReference; lastKnownFileType = sourcecode.c.objc; path = PhysicsCannonForTeacherStuartSchopfTests.m; sourceTree = "<group>"; };
/* End PBXFileReference section */

/* Begin PBXFrameworksBuildPhase section */
		169ED0A31822FB3E00241082 /* Frameworks */ = {
			isa = PBXFrameworksBuildPhase;
			buildActionMask = 2147483647;
			files = (
				169ED0AC1822FB3E00241082 /* CoreGraphics.framework in Frameworks */,
				169ED0AE1822FB3E00241082 /* UIKit.framework in Frameworks */,
				169ED0B01822FB3E00241082 /* SpriteKit.framework in Frameworks */,
				169ED0AA1822FB3E00241082 /* Foundation.framework in Frameworks */,
			);
			runOnlyForDeploymentPostprocessing = 0;
		};
		169ED0CE1822FB3F00241082 /* Frameworks */ = {
			isa = PBXFrameworksBuildPhase;
			buildActionMask = 2147483647;
			files = (
				169ED0D31822FB3F00241082 /* XCTest.framework in Frameworks */,
				169ED0D51822FB3F00241082 /* UIKit.framework in Frameworks */,
				169ED0D41822FB3F00241082 /* Foundation.framework in Frameworks */,
			);
			runOnlyForDeploymentPostprocessing = 0;
		};
/* End PBXFrameworksBuildPhase section */

/* Begin PBXGroup section */
		169ED09D1822FB3E00241082 = {
			isa = PBXGroup;
			children = (
				169ED0B11822FB3E00241082 /* PhysicsCannonForTeacherStuartSchopf */,
				169ED0D81822FB3F00241082 /* PhysicsCannonForTeacherStuartSchopfTests */,
				169ED0A81822FB3E00241082 /* Frameworks */,
				169ED0A71822FB3E00241082 /* Products */,
			);
			sourceTree = "<group>";
		};
		169ED0A71822FB3E00241082 /* Products */ = {
			isa = PBXGroup;
			children = (
				169ED0A61822FB3E00241082 /* PhysicsCannonForTeacherStuartSchopf.app */,
				169ED0D11822FB3F00241082 /* PhysicsCannonForTeacherStuartSchopfTests.xctest */,
			);
			name = Products;
			sourceTree = "<group>";
		};
		169ED0A81822FB3E00241082 /* Frameworks */ = {
			isa = PBXGroup;
			children = (
				169ED0A91822FB3E00241082 /* Foundation.framework */,
				169ED0AB1822FB3E00241082 /* CoreGraphics.framework */,
				169ED0AD1822FB3E00241082 /* UIKit.framework */,
				169ED0AF1822FB3E00241082 /* SpriteKit.framework */,
				169ED0D21822FB3F00241082 /* XCTest.framework */,
			);
			name = Frameworks;
			sourceTree = "<group>";
		};
		169ED0B11822FB3E00241082 /* PhysicsCannonForTeacherStuartSchopf */ = {
			isa = PBXGroup;
			children = (
				169ED0BA1822FB3E00241082 /* AppDelegate.h */,
				169ED0BB1822FB3E00241082 /* AppDelegate.m */,
				169ED0BD1822FB3E00241082 /* Main_iPhone.storyboard */,
				169ED0C01822FB3E00241082 /* Main_iPad.storyboard */,
				169ED0C31822FB3E00241082 /* ViewController.h */,
				169ED0C41822FB3E00241082 /* ViewController.m */,
				169ED0C61822FB3E00241082 /* MyScene.h */,
				169ED0C71822FB3E00241082 /* MyScene.m */,
				169ED0C91822FB3E00241082 /* Spaceship.png */,
				169ED0CB1822FB3E00241082 /* Images.xcassets */,
				169ED0B21822FB3E00241082 /* Supporting Files */,
			);
			path = PhysicsCannonForTeacherStuartSchopf;
			sourceTree = "<group>";
		};
		169ED0B21822FB3E00241082 /* Supporting Files */ = {
			isa = PBXGroup;
			children = (
				169ED0B31822FB3E00241082 /* PhysicsCannonForTeacherStuartSchopf-Info.plist */,
				169ED0B41822FB3E00241082 /* InfoPlist.strings */,
				169ED0B71822FB3E00241082 /* main.m */,
				169ED0B91822FB3E00241082 /* PhysicsCannonForTeacherStuartSchopf-Prefix.pch */,
			);
			name = "Supporting Files";
			sourceTree = "<group>";
		};
		169ED0D81822FB3F00241082 /* PhysicsCannonForTeacherStuartSchopfTests */ = {
			isa = PBXGroup;
			children = (
				169ED0DE1822FB3F00241082 /* PhysicsCannonForTeacherStuartSchopfTests.m */,
				169ED0D91822FB3F00241082 /* Supporting Files */,
			);
			path = PhysicsCannonForTeacherStuartSchopfTests;
			sourceTree = "<group>";
		};
		169ED0D91822FB3F00241082 /* Supporting Files */ = {
			isa = PBXGroup;
			children = (
				169ED0DA1822FB3F00241082 /* PhysicsCannonForTeacherStuartSchopfTests-Info.plist */,
				169ED0DB1822FB3F00241082 /* InfoPlist.strings */,
			);
			name = "Supporting Files";
			sourceTree = "<group>";
		};
/* End PBXGroup section */

/* Begin PBXNativeTarget section */
		169ED0A51822FB3E00241082 /* PhysicsCannonForTeacherStuartSchopf */ = {
			isa = PBXNativeTarget;
			buildConfigurationList = 169ED0E21822FB3F00241082 /* Build configuration list for PBXNativeTarget "PhysicsCannonForTeacherStuartSchopf" */;
			buildPhases = (
				169ED0A21822FB3E00241082 /* Sources */,
				169ED0A31822FB3E00241082 /* Frameworks */,
				169ED0A41822FB3E00241082 /* Resources */,
			);
			buildRules = (
			);
			dependencies = (
			);
			name = PhysicsCannonForTeacherStuartSchopf;
			productName = PhysicsCannonForTeacherStuartSchopf;
			productReference = 169ED0A61822FB3E00241082 /* PhysicsCannonForTeacherStuartSchopf.app */;
			productType = "com.apple.product-type.application";
		};
		169ED0D01822FB3F00241082 /* PhysicsCannonForTeacherStuartSchopfTests */ = {
			isa = PBXNativeTarget;
			buildConfigurationList = 169ED0E51822FB3F00241082 /* Build configuration list for PBXNativeTarget "PhysicsCannonForTeacherStuartSchopfTests" */;
			buildPhases = (
				169ED0CD1822FB3F00241082 /* Sources */,
				169ED0CE1822FB3F00241082 /* Frameworks */,
				169ED0CF1822FB3F00241082 /* Resources */,
			);
			buildRules = (
			);
			dependencies = (
				169ED0D71822FB3F00241082 /* PBXTargetDependency */,
			);
			name = PhysicsCannonForTeacherStuartSchopfTests;
			productName = PhysicsCannonForTeacherStuartSchopfTests;
			productReference = 169ED0D11822FB3F00241082 /* PhysicsCannonForTeacherStuartSchopfTests.xctest */;
			productType = "com.apple.product-type.bundle.unit-test";
		};
/* End PBXNativeTarget section */

/* Begin PBXProject section */
		169ED09E1822FB3E00241082 /* Project object */ = {
			isa = PBXProject;
			attributes = {
				LastUpgradeCheck = 0500;
				ORGANIZATIONNAME = "Jacob Davis";
				TargetAttributes = {
					169ED0D01822FB3F00241082 = {
						TestTargetID = 169ED0A51822FB3E00241082;
					};
				};
			};
			buildConfigurationList = 169ED0A11822FB3E00241082 /* Build configuration list for PBXProject "PhysicsCannonForTeacherStuartSchopf" */;
			compatibilityVersion = "Xcode 3.2";
			developmentRegion = English;
			hasScannedForEncodings = 0;
			knownRegions = (
				en,
				Base,
			);
			mainGroup = 169ED09D1822FB3E00241082;
			productRefGroup = 169ED0A71822FB3E00241082 /* Products */;
			projectDirPath = "";
			projectRoot = "";
			targets = (
				169ED0A51822FB3E00241082 /* PhysicsCannonForTeacherStuartSchopf */,
				169ED0D01822FB3F00241082 /* PhysicsCannonForTeacherStuartSchopfTests */,
			);
		};
/* End PBXProject section */

/* Begin PBXResourcesBuildPhase section */
		169ED0A41822FB3E00241082 /* Resources */ = {
			isa = PBXResourcesBuildPhase;
			buildActionMask = 2147483647;
			files = (
				169ED0CA1822FB3E00241082 /* Spaceship.png in Resources */,
				169ED0CC1822FB3E00241082 /* Images.xcassets in Resources */,
				169ED0C21822FB3E00241082 /* Main_iPad.storyboard in Resources */,
				169ED0BF1822FB3E00241082 /* Main_iPhone.storyboard in Resources */,
				169ED0B61822FB3E00241082 /* InfoPlist.strings in Resources */,
			);
			runOnlyForDeploymentPostprocessing = 0;
		};
		169ED0CF1822FB3F00241082 /* Resources */ = {
			isa = PBXResourcesBuildPhase;
			buildActionMask = 2147483647;
			files = (
				169ED0DD1822FB3F00241082 /* InfoPlist.strings in Resources */,
			);
			runOnlyForDeploymentPostprocessing = 0;
		};
/* End PBXResourcesBuildPhase section */

/* Begin PBXSourcesBuildPhase section */
		169ED0A21822FB3E00241082 /* Sources */ = {
			isa = PBXSourcesBuildPhase;
			buildActionMask = 2147483647;
			files = (
				169ED0C81822FB3E00241082 /* MyScene.m in Sources */,
				169ED0C51822FB3E00241082 /* ViewController.m in Sources */,
				169ED0BC1822FB3E00241082 /* AppDelegate.m in Sources */,
				169ED0B81822FB3E00241082 /* main.m in Sources */,
			);
			runOnlyForDeploymentPostprocessing = 0;
		};
		169ED0CD1822FB3F00241082 /* Sources */ = {
			isa = PBXSourcesBuildPhase;
			buildActionMask = 2147483647;
			files = (
				169ED0DF1822FB3F00241082 /* PhysicsCannonForTeacherStuartSchopfTests.m in Sources */,
			);
			runOnlyForDeploymentPostprocessing = 0;
		};
/* End PBXSourcesBuildPhase section */

/* Begin PBXTargetDependency section */
		169ED0D71822FB3F00241082 /* PBXTargetDependency */ = {
			isa = PBXTargetDependency;
			target = 169ED0A51822FB3E00241082 /* PhysicsCannonForTeacherStuartSchopf */;
			targetProxy = 169ED0D61822FB3F00241082 /* PBXContainerItemProxy */;
		};
/* End PBXTargetDependency section */

/* Begin PBXVariantGroup section */
		169ED0B41822FB3E00241082 /* InfoPlist.strings */ = {
			isa = PBXVariantGroup;
			children = (
				169ED0B51822FB3E00241082 /* en */,
			);
			name = InfoPlist.strings;
			sourceTree = "<group>";
		};
		169ED0BD1822FB3E00241082 /* Main_iPhone.storyboard */ = {
			isa = PBXVariantGroup;
			children = (
				169ED0BE1822FB3E00241082 /* Base */,
			);
			name = Main_iPhone.storyboard;
			sourceTree = "<group>";
		};
		169ED0C01822FB3E00241082 /* Main_iPad.storyboard */ = {
			isa = PBXVariantGroup;
			children = (
				169ED0C11822FB3E00241082 /* Base */,
			);
			name = Main_iPad.storyboard;
			sourceTree = "<group>";
		};
		169ED0DB1822FB3F00241082 /* InfoPlist.strings */ = {
			isa = PBXVariantGroup;
			children = (
				169ED0DC1822FB3F00241082 /* en */,
			);
			name = InfoPlist.strings;
			sourceTree = "<group>";
		};
/* End PBXVariantGroup section */

/* Begin XCBuildConfiguration section */
		169ED0E01822FB3F00241082 /* Debug */ = {
			isa = XCBuildConfiguration;
			buildSettings = {
				ALWAYS_SEARCH_USER_PATHS = NO;
				ARCHS = "$(ARCHS_STANDARD_INCLUDING_64_BIT)";
				CLANG_CXX_LANGUAGE_STANDARD = "gnu++0x";
				CLANG_CXX_LIBRARY = "libc++";
				CLANG_ENABLE_MODULES = YES;
				CLANG_ENABLE_OBJC_ARC = YES;
				CLANG_WARN_BOOL_CONVERSION = YES;
				CLANG_WARN_CONSTANT_CONVERSION = YES;
				CLANG_WARN_DIRECT_OBJC_ISA_USAGE = YES_ERROR;
				CLANG_WARN_EMPTY_BODY = YES;
				CLANG_WARN_ENUM_CONVERSION = YES;
				CLANG_WARN_INT_CONVERSION = YES;
				CLANG_WARN_OBJC_ROOT_CLASS = YES_ERROR;
				CLANG_WARN__DUPLICATE_METHOD_MATCH = YES;
				"CODE_SIGN_IDENTITY[sdk=iphoneos*]" = "iPhone Developer";
				COPY_PHASE_STRIP = NO;
				GCC_C_LANGUAGE_STANDARD = gnu99;
				GCC_DYNAMIC_NO_PIC = NO;
				GCC_OPTIMIZATION_LEVEL = 0;
				GCC_PREPROCESSOR_DEFINITIONS = (
					"DEBUG=1",
					"$(inherited)",
				);
				GCC_SYMBOLS_PRIVATE_EXTERN = NO;
				GCC_WARN_64_TO_32_BIT_CONVERSION = YES;
				GCC_WARN_ABOUT_RETURN_TYPE = YES_ERROR;
				GCC_WARN_UNDECLARED_SELECTOR = YES;
				GCC_WARN_UNINITIALIZED_AUTOS = YES;
				GCC_WARN_UNUSED_FUNCTION = YES;
				GCC_WARN_UNUSED_VARIABLE = YES;
				IPHONEOS_DEPLOYMENT_TARGET = 7.0;
				ONLY_ACTIVE_ARCH = YES;
				SDKROOT = iphoneos;
				TARGETED_DEVICE_FAMILY = "1,2";
			};
			name = Debug;
		};
		169ED0E11822FB3F00241082 /* Release */ = {
			isa = XCBuildConfiguration;
			buildSettings = {
				ALWAYS_SEARCH_USER_PATHS = NO;
				ARCHS = "$(ARCHS_STANDARD_INCLUDING_64_BIT)";
				CLANG_CXX_LANGUAGE_STANDARD = "gnu++0x";
				CLANG_CXX_LIBRARY = "libc++";
				CLANG_ENABLE_MODULES = YES;
				CLANG_ENABLE_OBJC_ARC = YES;
				CLANG_WARN_BOOL_CONVERSION = YES;
				CLANG_WARN_CONSTANT_CONVERSION = YES;
				CLANG_WARN_DIRECT_OBJC_ISA_USAGE = YES_ERROR;
				CLANG_WARN_EMPTY_BODY = YES;
				CLANG_WARN_ENUM_CONVERSION = YES;
				CLANG_WARN_INT_CONVERSION = YES;
				CLANG_WARN_OBJC_ROOT_CLASS = YES_ERROR;
				CLANG_WARN__DUPLICATE_METHOD_MATCH = YES;
				"CODE_SIGN_IDENTITY[sdk=iphoneos*]" = "iPhone Developer";
				COPY_PHASE_STRIP = YES;
				ENABLE_NS_ASSERTIONS = NO;
				GCC_C_LANGUAGE_STANDARD = gnu99;
				GCC_WARN_64_TO_32_BIT_CONVERSION = YES;
				GCC_WARN_ABOUT_RETURN_TYPE = YES_ERROR;
				GCC_WARN_UNDECLARED_SELECTOR = YES;
				GCC_WARN_UNINITIALIZED_AUTOS = YES;
				GCC_WARN_UNUSED_FUNCTION = YES;
				GCC_WARN_UNUSED_VARIABLE = YES;
				IPHONEOS_DEPLOYMENT_TARGET = 7.0;
				SDKROOT = iphoneos;
				TARGETED_DEVICE_FAMILY = "1,2";
				VALIDATE_PRODUCT = YES;
			};
			name = Release;
		};
		169ED0E31822FB3F00241082 /* Debug */ = {
			isa = XCBuildConfiguration;
			buildSettings = {
				ASSETCATALOG_COMPILER_APPICON_NAME = AppIcon;
				ASSETCATALOG_COMPILER_LAUNCHIMAGE_NAME = LaunchImage;
				GCC_PRECOMPILE_PREFIX_HEADER = YES;
				GCC_PREFIX_HEADER = "PhysicsCannonForTeacherStuartSchopf/PhysicsCannonForTeacherStuartSchopf-Prefix.pch";
				INFOPLIST_FILE = "PhysicsCannonForTeacherStuartSchopf/PhysicsCannonForTeacherStuartSchopf-Info.plist";
				PRODUCT_NAME = "$(TARGET_NAME)";
				SPRITEKIT_TEXTURE_ATLAS_OUTPUT = YES;
				WRAPPER_EXTENSION = app;
			};
			name = Debug;
		};
		169ED0E41822FB3F00241082 /* Release */ = {
			isa = XCBuildConfiguration;
			buildSettings = {
				ASSETCATALOG_COMPILER_APPICON_NAME = AppIcon;
				ASSETCATALOG_COMPILER_LAUNCHIMAGE_NAME = LaunchImage;
				GCC_PRECOMPILE_PREFIX_HEADER = YES;
				GCC_PREFIX_HEADER = "PhysicsCannonForTeacherStuartSchopf/PhysicsCannonForTeacherStuartSchopf-Prefix.pch";
				INFOPLIST_FILE = "PhysicsCannonForTeacherStuartSchopf/PhysicsCannonForTeacherStuartSchopf-Info.plist";
				PRODUCT_NAME = "$(TARGET_NAME)";
				SPRITEKIT_TEXTURE_ATLAS_OUTPUT = YES;
				WRAPPER_EXTENSION = app;
			};
			name = Release;
		};
		169ED0E61822FB3F00241082 /* Debug */ = {
			isa = XCBuildConfiguration;
			buildSettings = {
				ARCHS = "$(ARCHS_STANDARD_INCLUDING_64_BIT)";
				BUNDLE_LOADER = "$(BUILT_PRODUCTS_DIR)/PhysicsCannonForTeacherStuartSchopf.app/PhysicsCannonForTeacherStuartSchopf";
				FRAMEWORK_SEARCH_PATHS = (
					"$(SDKROOT)/Developer/Library/Frameworks",
					"$(inherited)",
					"$(DEVELOPER_FRAMEWORKS_DIR)",
				);
				GCC_PRECOMPILE_PREFIX_HEADER = YES;
				GCC_PREFIX_HEADER = "PhysicsCannonForTeacherStuartSchopf/PhysicsCannonForTeacherStuartSchopf-Prefix.pch";
				GCC_PREPROCESSOR_DEFINITIONS = (
					"DEBUG=1",
					"$(inherited)",
				);
				INFOPLIST_FILE = "PhysicsCannonForTeacherStuartSchopfTests/PhysicsCannonForTeacherStuartSchopfTests-Info.plist";
				PRODUCT_NAME = "$(TARGET_NAME)";
				TEST_HOST = "$(BUNDLE_LOADER)";
				WRAPPER_EXTENSION = xctest;
			};
			name = Debug;
		};
		169ED0E71822FB3F00241082 /* Release */ = {
			isa = XCBuildConfiguration;
			buildSettings = {
				ARCHS = "$(ARCHS_STANDARD_INCLUDING_64_BIT)";
				BUNDLE_LOADER = "$(BUILT_PRODUCTS_DIR)/PhysicsCannonForTeacherStuartSchopf.app/PhysicsCannonForTeacherStuartSchopf";
				FRAMEWORK_SEARCH_PATHS = (
					"$(SDKROOT)/Developer/Library/Frameworks",
					"$(inherited)",
					"$(DEVELOPER_FRAMEWORKS_DIR)",
				);
				GCC_PRECOMPILE_PREFIX_HEADER = YES;
				GCC_PREFIX_HEADER = "PhysicsCannonForTeacherStuartSchopf/PhysicsCannonForTeacherStuartSchopf-Prefix.pch";
				INFOPLIST_FILE = "PhysicsCannonForTeacherStuartSchopfTests/PhysicsCannonForTeacherStuartSchopfTests-Info.plist";
				PRODUCT_NAME = "$(TARGET_NAME)";
				TEST_HOST = "$(BUNDLE_LOADER)";
				WRAPPER_EXTENSION = xctest;
			};
			name = Release;
		};
/* End XCBuildConfiguration section */

/* Begin XCConfigurationList section */
		169ED0A11822FB3E00241082 /* Build configuration list for PBXProject "PhysicsCannonForTeacherStuartSchopf" */ = {
			isa = XCConfigurationList;
			buildConfigurations = (
				169ED0E01822FB3F00241082 /* Debug */,
				169ED0E11822FB3F00241082 /* Release */,
			);
			defaultConfigurationIsVisible = 0;
			defaultConfigurationName = Release;
		};
		169ED0E21822FB3F00241082 /* Build configuration list for PBXNativeTarget "PhysicsCannonForTeacherStuartSchopf" */ = {
			isa = XCConfigurationList;
			buildConfigurations = (
				169ED0E31822FB3F00241082 /* Debug */,
				169ED0E41822FB3F00241082 /* Release */,
			);
			defaultConfigurationIsVisible = 0;
		};
		169ED0E51822FB3F00241082 /* Build configuration list for PBXNativeTarget "PhysicsCannonForTeacherStuartSchopfTests" */ = {
			isa = XCConfigurationList;
			buildConfigurations = (
				169ED0E61822FB3F00241082 /* Debug */,
				169ED0E71822FB3F00241082 /* Release */,
			);
			defaultConfigurationIsVisible = 0;
		};
/* End XCConfigurationList section */
	};
	rootObject = 169ED09E1822FB3E00241082 /* Project object */;
}
